
Microsoft Visual Studio Solution File, Format Version 12.00
# Visual Studio Version 16
VisualStudioVersion = 16.0.32802.440
MinimumVisualStudioVersion = 10.0.40219.1
Project("{FAE04EC0-301F-11D3-BF4B-00C04F79EFBC}") = "AzureSkillsImprovenent", "AzureSkillsImprovenent.csproj", "{60586CA8-46D0-4EAC-BFE1-1C95EC28BDAD}"
EndProject
Global
	GlobalSection(SolutionConfigurationPlatforms) = preSolution
		Debug|Any CPU = Debug|Any CPU
		Release|Any CPU = Release|Any CPU
	EndGlobalSection
	GlobalSection(ProjectConfigurationPlatforms) = postSolution
		{60586CA8-46D0-4EAC-BFE1-1C95EC28BDAD}.Debug|Any CPU.ActiveCfg = Debug|Any CPU
		{60586CA8-46D0-4EAC-BFE1-1C95EC28BDAD}.Debug|Any CPU.Build.0 = Debug|Any CPU
		{60586CA8-46D0-4EAC-BFE1-1C95EC28BDAD}.Release|Any CPU.ActiveCfg = Release|Any CPU
		{60586CA8-46D0-4EAC-BFE1-1C95EC28BDAD}.Release|Any CPU.Build.0 = Release|Any CPU
	EndGlobalSection
	GlobalSection(SolutionProperties) = preSolution
		HideSolutionNode = FALSE
	EndGlobalSection
	GlobalSection(ExtensibilityGlobals) = postSolution
		SolutionGuid = {9E2425A3-CC74-40B8-8E94-D88D92FD1D3C}
	EndGlobalSection
EndGlobal
